
Microsoft Visual Studio Solution File, Format Version 12.00
# Visual Studio 15
VisualStudioVersion = 15.0.26730.16
MinimumVisualStudioVersion = 10.0.40219.1
Project("{FAE04EC0-301F-11D3-BF4B-00C04F79EFBC}") = "ServiceDesk.API", "ServiceDesk\ServiceDesk.API.csproj", "{F14B0238-16BA-4C93-BF17-BC728EFC812F}"
EndProject
Global
	GlobalSection(SolutionConfigurationPlatforms) = preSolution
		Debug|Any CPU = Debug|Any CPU
		Release|Any CPU = Release|Any CPU
	EndGlobalSection
	GlobalSection(ProjectConfigurationPlatforms) = postSolution
		{F14B0238-16BA-4C93-BF17-BC728EFC812F}.Debug|Any CPU.ActiveCfg = Debug|Any CPU
		{F14B0238-16BA-4C93-BF17-BC728EFC812F}.Debug|Any CPU.Build.0 = Debug|Any CPU
		{F14B0238-16BA-4C93-BF17-BC728EFC812F}.Release|Any CPU.ActiveCfg = Release|Any CPU
		{F14B0238-16BA-4C93-BF17-BC728EFC812F}.Release|Any CPU.Build.0 = Release|Any CPU
	EndGlobalSection
	GlobalSection(SolutionProperties) = preSolution
		HideSolutionNode = FALSE
	EndGlobalSection
	GlobalSection(ExtensibilityGlobals) = postSolution
		SolutionGuid = {8798A551-6536-4A4C-A316-D6E06826544F}
	EndGlobalSection
EndGlobal
